Microsoft Visual Studio Solution File, Format Version 8.00
Project("{8BC9CEB8-8B4A-11D0-8D11-00A0C91BC942}") = "CORE", "CGALCore\Core_71.vcproj", "{C1F788D5-DC18-4223-B77D-924CBAED2201}"
	ProjectSection(ProjectDependencies) = postProject
	EndProjectSection
EndProject
Project("{8BC9CEB8-8B4A-11D0-8D11-00A0C91BC942}") = "cgallib", "CGAL\cgallib_71.vcproj", "{C1F788D5-DC18-4223-B77D-924CBAED2202}"
	ProjectSection(ProjectDependencies) = postProject
		{C1F788D5-DC18-4223-B77D-924CBAED2201} = {C1F788D5-DC18-4223-B77D-924CBAED2201}
	EndProjectSection
EndProject
Project("{8BC9CEB8-8B4A-11D0-8D11-00A0C91BC942}") = "CGALImageIO", "CGALimageIO\CGALimageIO_71.vcproj", "{C1F788D5-DC18-4223-B77D-924CBAED2203}"
	ProjectSection(ProjectDependencies) = postProject
		{C1F788D5-DC18-4223-B77D-924CBAED2202} = {C1F788D5-DC18-4223-B77D-924CBAED2202}
	EndProjectSection
EndProject
Project("{8BC9CEB8-8B4A-11D0-8D11-00A0C91BC942}") = "CGALPDB", "CGALPDB\CGALPDB_71.vcproj", "{C1F788D5-DC18-4223-B77D-924CBAED2204}"
	ProjectSection(ProjectDependencies) = postProject
		{C1F788D5-DC18-4223-B77D-924CBAED2202} = {C1F788D5-DC18-4223-B77D-924CBAED2202}
	EndProjectSection
EndProject
Project("{8BC9CEB8-8B4A-11D0-8D11-00A0C91BC942}") = "CGALQt", "CGALQt\CGALQt_71.vcproj", "{C1F788D5-DC18-4223-B77D-924CBAED2205}"
	ProjectSection(ProjectDependencies) = postProject
		{C1F788D5-DC18-4223-B77D-924CBAED2202} = {C1F788D5-DC18-4223-B77D-924CBAED2202}
	EndProjectSection
EndProject
Global
	GlobalSection(SolutionConfiguration) = preSolution
		Debug_MultiThreaded_DynamicCRT = Debug_MultiThreaded_DynamicCRT
		Debug_MultiThreaded_StaticCRT = Debug_MultiThreaded_StaticCRT
		Debug_SingleThreaded_StaticCRT = Debug_SingleThreaded_StaticCRT
		Release_MultiThreaded_DynamicCRT = Release_MultiThreaded_DynamicCRT
		Release_MultiThreaded_StaticCRT = Release_MultiThreaded_StaticCRT
		Release_SingleThreaded_StaticCRT = Release_SingleThreaded_StaticCRT
	EndGlobalSection
	GlobalSection(ProjectDependencies) = postSolution
	EndGlobalSection
	GlobalSection(ProjectConfiguration) = postSolution
		{C1F788D5-DC18-4223-B77D-924CBAED2201}.Debug_MultiThreaded_DynamicCRT.ActiveCfg = Debug_MultiThreaded_DynamicCRT|Win32
		{C1F788D5-DC18-4223-B77D-924CBAED2201}.Debug_MultiThreaded_DynamicCRT.Build.0 = Debug_MultiThreaded_DynamicCRT|Win32
		{C1F788D5-DC18-4223-B77D-924CBAED2201}.Debug_MultiThreaded_StaticCRT.ActiveCfg = Debug_MultiThreaded_StaticCRT|Win32
		{C1F788D5-DC18-4223-B77D-924CBAED2201}.Debug_MultiThreaded_StaticCRT.Build.0 = Debug_MultiThreaded_StaticCRT|Win32
		{C1F788D5-DC18-4223-B77D-924CBAED2201}.Debug_SingleThreaded_StaticCRT.ActiveCfg = Debug_SingleThreaded_StaticCRT|Win32
		{C1F788D5-DC18-4223-B77D-924CBAED2201}.Debug_SingleThreaded_StaticCRT.Build.0 = Debug_SingleThreaded_StaticCRT|Win32
		{C1F788D5-DC18-4223-B77D-924CBAED2201}.Release_MultiThreaded_DynamicCRT.ActiveCfg = Release_MultiThreaded_DynamicCRT|Win32
		{C1F788D5-DC18-4223-B77D-924CBAED2201}.Release_MultiThreaded_DynamicCRT.Build.0 = Release_MultiThreaded_DynamicCRT|Win32
		{C1F788D5-DC18-4223-B77D-924CBAED2201}.Release_MultiThreaded_StaticCRT.ActiveCfg = Release_MultiThreaded_StaticCRT|Win32
		{C1F788D5-DC18-4223-B77D-924CBAED2201}.Release_MultiThreaded_StaticCRT.Build.0 = Release_MultiThreaded_StaticCRT|Win32
		{C1F788D5-DC18-4223-B77D-924CBAED2201}.Release_SingleThreaded_StaticCRT.ActiveCfg = Release_SingleThreaded_StaticCRT|Win32
		{C1F788D5-DC18-4223-B77D-924CBAED2201}.Release_SingleThreaded_StaticCRT.Build.0 = Release_SingleThreaded_StaticCRT|Win32
		{C1F788D5-DC18-4223-B77D-924CBAED2202}.Debug_MultiThreaded_DynamicCRT.ActiveCfg = Debug_MultiThreaded_DynamicCRT|Win32
		{C1F788D5-DC18-4223-B77D-924CBAED2202}.Debug_MultiThreaded_DynamicCRT.Build.0 = Debug_MultiThreaded_DynamicCRT|Win32
		{C1F788D5-DC18-4223-B77D-924CBAED2202}.Debug_MultiThreaded_StaticCRT.ActiveCfg = Debug_MultiThreaded_StaticCRT|Win32
		{C1F788D5-DC18-4223-B77D-924CBAED2202}.Debug_MultiThreaded_StaticCRT.Build.0 = Debug_MultiThreaded_StaticCRT|Win32
		{C1F788D5-DC18-4223-B77D-924CBAED2202}.Debug_SingleThreaded_StaticCRT.ActiveCfg = Debug_SingleThreaded_StaticCRT|Win32
		{C1F788D5-DC18-4223-B77D-924CBAED2202}.Debug_SingleThreaded_StaticCRT.Build.0 = Debug_SingleThreaded_StaticCRT|Win32
		{C1F788D5-DC18-4223-B77D-924CBAED2202}.Release_MultiThreaded_DynamicCRT.ActiveCfg = Release_MultiThreaded_DynamicCRT|Win32
		{C1F788D5-DC18-4223-B77D-924CBAED2202}.Release_MultiThreaded_DynamicCRT.Build.0 = Release_MultiThreaded_DynamicCRT|Win32
		{C1F788D5-DC18-4223-B77D-924CBAED2202}.Release_MultiThreaded_StaticCRT.ActiveCfg = Release_MultiThreaded_StaticCRT|Win32
		{C1F788D5-DC18-4223-B77D-924CBAED2202}.Release_MultiThreaded_StaticCRT.Build.0 = Release_MultiThreaded_StaticCRT|Win32
		{C1F788D5-DC18-4223-B77D-924CBAED2202}.Release_SingleThreaded_StaticCRT.ActiveCfg = Release_SingleThreaded_StaticCRT|Win32
		{C1F788D5-DC18-4223-B77D-924CBAED2202}.Release_SingleThreaded_StaticCRT.Build.0 = Release_SingleThreaded_StaticCRT|Win32
		{C1F788D5-DC18-4223-B77D-924CBAED2203}.Debug_MultiThreaded_DynamicCRT.ActiveCfg = Debug_MultiThreaded_DynamicCRT|Win32
		{C1F788D5-DC18-4223-B77D-924CBAED2203}.Debug_MultiThreaded_DynamicCRT.Build.0 = Debug_MultiThreaded_DynamicCRT|Win32
		{C1F788D5-DC18-4223-B77D-924CBAED2203}.Debug_MultiThreaded_StaticCRT.ActiveCfg = Debug_MultiThreaded_StaticCRT|Win32
		{C1F788D5-DC18-4223-B77D-924CBAED2203}.Debug_MultiThreaded_StaticCRT.Build.0 = Debug_MultiThreaded_StaticCRT|Win32
		{C1F788D5-DC18-4223-B77D-924CBAED2203}.Debug_SingleThreaded_StaticCRT.ActiveCfg = Debug_SingleThreaded_StaticCRT|Win32
		{C1F788D5-DC18-4223-B77D-924CBAED2203}.Debug_SingleThreaded_StaticCRT.Build.0 = Debug_SingleThreaded_StaticCRT|Win32
		{C1F788D5-DC18-4223-B77D-924CBAED2203}.Release_MultiThreaded_DynamicCRT.ActiveCfg = Release_MultiThreaded_DynamicCRT|Win32
		{C1F788D5-DC18-4223-B77D-924CBAED2203}.Release_MultiThreaded_DynamicCRT.Build.0 = Release_MultiThreaded_DynamicCRT|Win32
		{C1F788D5-DC18-4223-B77D-924CBAED2203}.Release_MultiThreaded_StaticCRT.ActiveCfg = Release_MultiThreaded_StaticCRT|Win32
		{C1F788D5-DC18-4223-B77D-924CBAED2203}.Release_MultiThreaded_StaticCRT.Build.0 = Release_MultiThreaded_StaticCRT|Win32
		{C1F788D5-DC18-4223-B77D-924CBAED2203}.Release_SingleThreaded_StaticCRT.ActiveCfg = Release_SingleThreaded_StaticCRT|Win32
		{C1F788D5-DC18-4223-B77D-924CBAED2203}.Release_SingleThreaded_StaticCRT.Build.0 = Release_SingleThreaded_StaticCRT|Win32
		{C1F788D5-DC18-4223-B77D-924CBAED2204}.Debug_MultiThreaded_DynamicCRT.ActiveCfg = Debug_MultiThreaded_DynamicCRT|Win32
		{C1F788D5-DC18-4223-B77D-924CBAED2204}.Debug_MultiThreaded_DynamicCRT.Build.0 = Debug_MultiThreaded_DynamicCRT|Win32
		{C1F788D5-DC18-4223-B77D-924CBAED2204}.Debug_MultiThreaded_StaticCRT.ActiveCfg = Debug_MultiThreaded_StaticCRT|Win32
		{C1F788D5-DC18-4223-B77D-924CBAED2204}.Debug_MultiThreaded_StaticCRT.Build.0 = Debug_MultiThreaded_StaticCRT|Win32
		{C1F788D5-DC18-4223-B77D-924CBAED2204}.Debug_SingleThreaded_StaticCRT.ActiveCfg = Debug_SingleThreaded_StaticCRT|Win32
		{C1F788D5-DC18-4223-B77D-924CBAED2204}.Debug_SingleThreaded_StaticCRT.Build.0 = Debug_SingleThreaded_StaticCRT|Win32
		{C1F788D5-DC18-4223-B77D-924CBAED2204}.Release_MultiThreaded_DynamicCRT.ActiveCfg = Release_MultiThreaded_DynamicCRT|Win32
		{C1F788D5-DC18-4223-B77D-924CBAED2204}.Release_MultiThreaded_DynamicCRT.Build.0 = Release_MultiThreaded_DynamicCRT|Win32
		{C1F788D5-DC18-4223-B77D-924CBAED2204}.Release_MultiThreaded_StaticCRT.ActiveCfg = Release_MultiThreaded_StaticCRT|Win32
		{C1F788D5-DC18-4223-B77D-924CBAED2204}.Release_MultiThreaded_StaticCRT.Build.0 = Release_MultiThreaded_StaticCRT|Win32
		{C1F788D5-DC18-4223-B77D-924CBAED2204}.Release_SingleThreaded_StaticCRT.ActiveCfg = Release_SingleThreaded_StaticCRT|Win32
		{C1F788D5-DC18-4223-B77D-924CBAED2204}.Release_SingleThreaded_StaticCRT.Build.0 = Release_SingleThreaded_StaticCRT|Win32
		{C1F788D5-DC18-4223-B77D-924CBAED2205}.Debug_MultiThreaded_DynamicCRT.ActiveCfg = Debug_MultiThreaded_DynamicCRT|Win32
		{C1F788D5-DC18-4223-B77D-924CBAED2205}.Debug_MultiThreaded_DynamicCRT.Build.0 = Debug_MultiThreaded_DynamicCRT|Win32
		{C1F788D5-DC18-4223-B77D-924CBAED2205}.Debug_MultiThreaded_StaticCRT.ActiveCfg = Debug_MultiThreaded_StaticCRT|Win32
		{C1F788D5-DC18-4223-B77D-924CBAED2205}.Debug_MultiThreaded_StaticCRT.Build.0 = Debug_MultiThreaded_StaticCRT|Win32
		{C1F788D5-DC18-4223-B77D-924CBAED2205}.Debug_SingleThreaded_StaticCRT.ActiveCfg = Debug_SingleThreaded_StaticCRT|Win32
		{C1F788D5-DC18-4223-B77D-924CBAED2205}.Debug_SingleThreaded_StaticCRT.Build.0 = Debug_SingleThreaded_StaticCRT|Win32
		{C1F788D5-DC18-4223-B77D-924CBAED2205}.Release_MultiThreaded_DynamicCRT.ActiveCfg = Release_MultiThreaded_DynamicCRT|Win32
		{C1F788D5-DC18-4223-B77D-924CBAED2205}.Release_MultiThreaded_DynamicCRT.Build.0 = Release_MultiThreaded_DynamicCRT|Win32
		{C1F788D5-DC18-4223-B77D-924CBAED2205}.Release_MultiThreaded_StaticCRT.ActiveCfg = Release_MultiThreaded_StaticCRT|Win32
		{C1F788D5-DC18-4223-B77D-924CBAED2205}.Release_MultiThreaded_StaticCRT.Build.0 = Release_MultiThreaded_StaticCRT|Win32
		{C1F788D5-DC18-4223-B77D-924CBAED2205}.Release_SingleThreaded_StaticCRT.ActiveCfg = Release_SingleThreaded_StaticCRT|Win32
		{C1F788D5-DC18-4223-B77D-924CBAED2205}.Release_SingleThreaded_StaticCRT.Build.0 = Release_SingleThreaded_StaticCRT|Win32
	EndGlobalSection
	GlobalSection(ExtensibilityGlobals) = postSolution
	EndGlobalSection
	GlobalSection(ExtensibilityAddIns) = postSolution
	EndGlobalSection
EndGlobal
