<?xml version="1.0" encoding="UTF-8" standalone="yes" ?>
<CodeBlocks_project_file>
   <FileVersion major="1" minor="6" />
   <Project>
      <Option title="Example_plugin" />
      <Option makefile_is_custom="1" />
      <Option compiler="gcc" />
      <Option virtualFolders="CMake Files\;CMake Files\..\;CMake Files\..\Build\;CMake Files\..\Installation\;CMake Files\..\Installation\cmake\;CMake Files\..\Installation\cmake\modules\;CMake Files\..\..\;CMake Files\..\..\..\;CMake Files\..\..\..\..\;CMake Files\..\..\..\..\lib64\;CMake Files\..\..\..\..\lib64\cmake\;CMake Files\..\..\..\..\lib64\cmake\Qt5\;CMake Files\..\..\..\..\lib64\cmake\Qt5OpenGL\;CMake Files\..\..\..\..\lib64\cmake\Qt5Widgets\;CMake Files\..\..\..\..\lib64\cmake\Qt5Gui\;CMake Files\..\..\..\..\lib64\cmake\Qt5Core\;CMake Files\..\..\..\..\lib64\cmake\Qt5Svg\;CMake Files\..\..\..\..\lib64\cmake\Qt5Script\;CMake Files\..\..\..\..\lib64\cmake\Qt5Xml\;CMake Files\..\..\..\..\lib64\cmake\Qt5ScriptTools\;CMake Files\..\Polyhedron\;CMake Files\..\Polyhedron\demo\;CMake Files\..\Polyhedron\demo\Polyhedron-build\;CMake Files\..\Polyhedron\demo\Polyhedron\;" />
      <Build>
      <Target title="all">
         <Option working_dir="/home/mgimeno/CGAL_Doxygen/Example_plugin" />
         <Option type="4" />
         <MakeCommands>
            <Build command="/bin/gmake -f &quot;/home/mgimeno/CGAL_Doxygen/Example_plugin/Makefile&quot;  VERBOSE=1 all" />
            <CompileFile command="/bin/gmake -f &quot;/home/mgimeno/CGAL_Doxygen/Example_plugin/Makefile&quot;  VERBOSE=1 &quot;$file&quot;" />
            <Clean command="/bin/gmake -f &quot;/home/mgimeno/CGAL_Doxygen/Example_plugin/Makefile&quot;  VERBOSE=1 clean" />
            <DistClean command="/bin/gmake -f &quot;/home/mgimeno/CGAL_Doxygen/Example_plugin/Makefile&quot;  VERBOSE=1 clean" />
         </MakeCommands>
      </Target>
      <Target title="edit_cache">
         <Option working_dir="/home/mgimeno/CGAL_Doxygen/Example_plugin" />
         <Option type="4" />
         <MakeCommands>
            <Build command="/bin/gmake -f &quot;/home/mgimeno/CGAL_Doxygen/Example_plugin/Makefile&quot;  VERBOSE=1 edit_cache" />
            <CompileFile command="/bin/gmake -f &quot;/home/mgimeno/CGAL_Doxygen/Example_plugin/Makefile&quot;  VERBOSE=1 &quot;$file&quot;" />
            <Clean command="/bin/gmake -f &quot;/home/mgimeno/CGAL_Doxygen/Example_plugin/Makefile&quot;  VERBOSE=1 clean" />
            <DistClean command="/bin/gmake -f &quot;/home/mgimeno/CGAL_Doxygen/Example_plugin/Makefile&quot;  VERBOSE=1 clean" />
         </MakeCommands>
      </Target>
      <Target title="example_plugin">
         <Option output="/home/mgimeno/CGAL_Doxygen/Example_plugin/libexample_plugin.so" prefix_auto="0" extension_auto="0" />
         <Option working_dir="/home/mgimeno/CGAL_Doxygen/Example_plugin" />
         <Option object_output="./" />
         <Option type="3" />
         <Option compiler="gcc" />
         <Compiler>
            <Add option="-DQT_WIDGETS_LIB" />
            <Add option="-DQT_GUI_LIB" />
            <Add option="-DQT_CORE_LIB" />
            <Add option="-DQT_SCRIPT_LIB" />
            <Add option="-DQT_OPENGL_LIB" />
            <Add option="-DQT_XML_LIB" />
            <Add option="-DCGAL_USE_MPFR" />
            <Add option="-DCGAL_USE_GMP" />
            <Add option="-DUSE_FORWARD_DECL" />
            <Add option="-DQT_NO_DEBUG" />
            <Add directory="/home/mgimeno/CGAL_Doxygen/AABB_tree/include" />
            <Add directory="/home/mgimeno/CGAL_Doxygen/Advancing_front_surface_reconstruction/include" />
            <Add directory="/home/mgimeno/CGAL_Doxygen/Algebraic_foundations/include" />
            <Add directory="/home/mgimeno/CGAL_Doxygen/Algebraic_kernel_d/include" />
            <Add directory="/home/mgimeno/CGAL_Doxygen/Algebraic_kernel_for_circles/include" />
            <Add directory="/home/mgimeno/CGAL_Doxygen/Algebraic_kernel_for_spheres/include" />
            <Add directory="/home/mgimeno/CGAL_Doxygen/Alpha_shapes_2/include" />
            <Add directory="/home/mgimeno/CGAL_Doxygen/Alpha_shapes_3/include" />
            <Add directory="/home/mgimeno/CGAL_Doxygen/Apollonius_graph_2/include" />
            <Add directory="/home/mgimeno/CGAL_Doxygen/Arithmetic_kernel/include" />
            <Add directory="/home/mgimeno/CGAL_Doxygen/Arrangement_on_surface_2/include" />
            <Add directory="/home/mgimeno/CGAL_Doxygen/BGL/include" />
            <Add directory="/home/mgimeno/CGAL_Doxygen/Barycentric_coordinates_2/include" />
            <Add directory="/home/mgimeno/CGAL_Doxygen/Boolean_set_operations_2/include" />
            <Add directory="/home/mgimeno/CGAL_Doxygen/Bounding_volumes/include" />
            <Add directory="/home/mgimeno/CGAL_Doxygen/Box_intersection_d/include" />
            <Add directory="/home/mgimeno/CGAL_Doxygen/Build/include" />
            <Add directory="/home/mgimeno/CGAL_Doxygen/CGAL_Core/include" />
            <Add directory="/home/mgimeno/CGAL_Doxygen/CGAL_ImageIO/include" />
            <Add directory="/home/mgimeno/CGAL_Doxygen/CGAL_ipelets/include" />
            <Add directory="/home/mgimeno/CGAL_Doxygen/Cartesian_kernel/include" />
            <Add directory="/home/mgimeno/CGAL_Doxygen/Circular_kernel_2/include" />
            <Add directory="/home/mgimeno/CGAL_Doxygen/Circular_kernel_3/include" />
            <Add directory="/home/mgimeno/CGAL_Doxygen/Circulator/include" />
            <Add directory="/home/mgimeno/CGAL_Doxygen/Combinatorial_map/include" />
            <Add directory="/home/mgimeno/CGAL_Doxygen/Conic_2/include" />
            <Add directory="/home/mgimeno/CGAL_Doxygen/Convex_decomposition_3/include" />
            <Add directory="/home/mgimeno/CGAL_Doxygen/Convex_hull_2/include" />
            <Add directory="/home/mgimeno/CGAL_Doxygen/Convex_hull_3/include" />
            <Add directory="/home/mgimeno/CGAL_Doxygen/Convex_hull_d/include" />
            <Add directory="/home/mgimeno/CGAL_Doxygen/Distance_2/include" />
            <Add directory="/home/mgimeno/CGAL_Doxygen/Distance_3/include" />
            <Add directory="/home/mgimeno/CGAL_Doxygen/Envelope_2/include" />
            <Add directory="/home/mgimeno/CGAL_Doxygen/Envelope_3/include" />
            <Add directory="/home/mgimeno/CGAL_Doxygen/Example_plugin" />
            <Add directory="/home/mgimeno/CGAL_Doxygen/Filtered_kernel/include" />
            <Add directory="/home/mgimeno/CGAL_Doxygen/Generator/include" />
            <Add directory="/home/mgimeno/CGAL_Doxygen/Geomview/include" />
            <Add directory="/home/mgimeno/CGAL_Doxygen/GraphicsView/include" />
            <Add directory="/home/mgimeno/CGAL_Doxygen/HalfedgeDS/include" />
            <Add directory="/home/mgimeno/CGAL_Doxygen/Hash_map/include" />
            <Add directory="/home/mgimeno/CGAL_Doxygen/Homogeneous_kernel/include" />
            <Add directory="/home/mgimeno/CGAL_Doxygen/Inscribed_areas/include" />
            <Add directory="/home/mgimeno/CGAL_Doxygen/Installation/include" />
            <Add directory="/home/mgimeno/CGAL_Doxygen/Interpolation/include" />
            <Add directory="/home/mgimeno/CGAL_Doxygen/Intersections_2/include" />
            <Add directory="/home/mgimeno/CGAL_Doxygen/Intersections_3/include" />
            <Add directory="/home/mgimeno/CGAL_Doxygen/Interval_skip_list/include" />
            <Add directory="/home/mgimeno/CGAL_Doxygen/Interval_support/include" />
            <Add directory="/home/mgimeno/CGAL_Doxygen/Inventor/include" />
            <Add directory="/home/mgimeno/CGAL_Doxygen/Jet_fitting_3/include" />
            <Add directory="/home/mgimeno/CGAL_Doxygen/Kernel_23/include" />
            <Add directory="/home/mgimeno/CGAL_Doxygen/Kernel_d/include" />
            <Add directory="/home/mgimeno/CGAL_Doxygen/Kinetic_data_structures/include" />
            <Add directory="/home/mgimeno/CGAL_Doxygen/Kinetic_framework/include" />
            <Add directory="/home/mgimeno/CGAL_Doxygen/LEDA/include" />
            <Add directory="/home/mgimeno/CGAL_Doxygen/Linear_cell_complex/include" />
            <Add directory="/home/mgimeno/CGAL_Doxygen/MacOSX/include" />
            <Add directory="/home/mgimeno/CGAL_Doxygen/Maintenance/include" />
            <Add directory="/home/mgimeno/CGAL_Doxygen/Matrix_search/include" />
            <Add directory="/home/mgimeno/CGAL_Doxygen/Mesh_2/include" />
            <Add directory="/home/mgimeno/CGAL_Doxygen/Mesh_3/include" />
            <Add directory="/home/mgimeno/CGAL_Doxygen/Minkowski_sum_2/include" />
            <Add directory="/home/mgimeno/CGAL_Doxygen/Minkowski_sum_3/include" />
            <Add directory="/home/mgimeno/CGAL_Doxygen/Modifier/include" />
            <Add directory="/home/mgimeno/CGAL_Doxygen/Modular_arithmetic/include" />
            <Add directory="/home/mgimeno/CGAL_Doxygen/Nef_2/include" />
            <Add directory="/home/mgimeno/CGAL_Doxygen/Nef_3/include" />
            <Add directory="/home/mgimeno/CGAL_Doxygen/Nef_S2/include" />
            <Add directory="/home/mgimeno/CGAL_Doxygen/NewKernel_d/include" />
            <Add directory="/home/mgimeno/CGAL_Doxygen/Number_types/include" />
            <Add directory="/home/mgimeno/CGAL_Doxygen/OpenNL/include" />
            <Add directory="/home/mgimeno/CGAL_Doxygen/Operations_on_polyhedra/include" />
            <Add directory="/home/mgimeno/CGAL_Doxygen/Optimisation_basic/include" />
            <Add directory="/home/mgimeno/CGAL_Doxygen/Partition_2/include" />
            <Add directory="/home/mgimeno/CGAL_Doxygen/Periodic_2_triangulation_2/include" />
            <Add directory="/home/mgimeno/CGAL_Doxygen/Periodic_3_triangulation_3/include" />
            <Add directory="/home/mgimeno/CGAL_Doxygen/Point_set_2/include" />
            <Add directory="/home/mgimeno/CGAL_Doxygen/Point_set_processing_3/include" />
            <Add directory="/home/mgimeno/CGAL_Doxygen/Point_set_shape_detection_3/include" />
            <Add directory="/home/mgimeno/CGAL_Doxygen/Poisson_surface_reconstruction_3/include" />
            <Add directory="/home/mgimeno/CGAL_Doxygen/Polygon/include" />
            <Add directory="/home/mgimeno/CGAL_Doxygen/Polygon_mesh_processing/include" />
            <Add directory="/home/mgimeno/CGAL_Doxygen/Polyhedron/demo/Polyhedron" />
            <Add directory="/home/mgimeno/CGAL_Doxygen/Polyhedron/demo/Polyhedron/CGAL_demo" />
            <Add directory="/home/mgimeno/CGAL_Doxygen/Polyhedron/demo/Polyhedron/include" />
            <Add directory="/home/mgimeno/CGAL_Doxygen/Polyhedron/include" />
            <Add directory="/home/mgimeno/CGAL_Doxygen/Polyhedron_IO/include" />
            <Add directory="/home/mgimeno/CGAL_Doxygen/Polyline_simplification_2/include" />
            <Add directory="/home/mgimeno/CGAL_Doxygen/Polynomial/include" />
            <Add directory="/home/mgimeno/CGAL_Doxygen/Polytope_distance_d/include" />
            <Add directory="/home/mgimeno/CGAL_Doxygen/Principal_component_analysis/include" />
            <Add directory="/home/mgimeno/CGAL_Doxygen/Profiling_tools/include" />
            <Add directory="/home/mgimeno/CGAL_Doxygen/Property_map/include" />
            <Add directory="/home/mgimeno/CGAL_Doxygen/QP_solver/include" />
            <Add directory="/home/mgimeno/CGAL_Doxygen/Qt_widget/include" />
            <Add directory="/home/mgimeno/CGAL_Doxygen/Random_numbers/include" />
            <Add directory="/home/mgimeno/CGAL_Doxygen/Ridges_3/include" />
            <Add directory="/home/mgimeno/CGAL_Doxygen/STL_Extension/include" />
            <Add directory="/home/mgimeno/CGAL_Doxygen/Scale_space_reconstruction_3/include" />
            <Add directory="/home/mgimeno/CGAL_Doxygen/Scripts/include" />
            <Add directory="/home/mgimeno/CGAL_Doxygen/SearchStructures/include" />
            <Add directory="/home/mgimeno/CGAL_Doxygen/Segment_Delaunay_graph_2/include" />
            <Add directory="/home/mgimeno/CGAL_Doxygen/Segment_Delaunay_graph_Linf_2/include" />
            <Add directory="/home/mgimeno/CGAL_Doxygen/Skin_surface_3/include" />
            <Add directory="/home/mgimeno/CGAL_Doxygen/Snap_rounding_2/include" />
            <Add directory="/home/mgimeno/CGAL_Doxygen/Solver_interface/include" />
            <Add directory="/home/mgimeno/CGAL_Doxygen/Spatial_searching/include" />
            <Add directory="/home/mgimeno/CGAL_Doxygen/Spatial_sorting/include" />
            <Add directory="/home/mgimeno/CGAL_Doxygen/Straight_skeleton_2/include" />
            <Add directory="/home/mgimeno/CGAL_Doxygen/Stream_lines_2/include" />
            <Add directory="/home/mgimeno/CGAL_Doxygen/Stream_support/include" />
            <Add directory="/home/mgimeno/CGAL_Doxygen/Subdivision_method_3/include" />
            <Add directory="/home/mgimeno/CGAL_Doxygen/Surface_mesh/include" />
            <Add directory="/home/mgimeno/CGAL_Doxygen/Surface_mesh_parameterization/include" />
            <Add directory="/home/mgimeno/CGAL_Doxygen/Surface_mesh_segmentation/include" />
            <Add directory="/home/mgimeno/CGAL_Doxygen/Surface_mesh_shortest_path/include" />
            <Add directory="/home/mgimeno/CGAL_Doxygen/Surface_mesh_simplification/include" />
            <Add directory="/home/mgimeno/CGAL_Doxygen/Surface_mesh_skeletonization/include" />
            <Add directory="/home/mgimeno/CGAL_Doxygen/Surface_mesher/include" />
            <Add directory="/home/mgimeno/CGAL_Doxygen/Surface_modeling/include" />
            <Add directory="/home/mgimeno/CGAL_Doxygen/Sweep_line_2/include" />
            <Add directory="/home/mgimeno/CGAL_Doxygen/TDS_2/include" />
            <Add directory="/home/mgimeno/CGAL_Doxygen/TDS_3/include" />
            <Add directory="/home/mgimeno/CGAL_Doxygen/Testsuite/include" />
            <Add directory="/home/mgimeno/CGAL_Doxygen/Three/include" />
            <Add directory="/home/mgimeno/CGAL_Doxygen/Triangulation/include" />
            <Add directory="/home/mgimeno/CGAL_Doxygen/Triangulation_2/include" />
            <Add directory="/home/mgimeno/CGAL_Doxygen/Triangulation_3/include" />
            <Add directory="/home/mgimeno/CGAL_Doxygen/Union_find/include" />
            <Add directory="/home/mgimeno/CGAL_Doxygen/Visibility_2/include" />
            <Add directory="/home/mgimeno/CGAL_Doxygen/Voronoi_diagram_2/include" />
            <Add directory="/home/mgimeno/CGAL_Doxygen/wininst/include" />
            <Add directory="/usr/include/qt5" />
            <Add directory="/usr/include/qt5/QtCore" />
            <Add directory="/usr/include/qt5/QtGui" />
            <Add directory="/usr/include/qt5/QtOpenGL" />
            <Add directory="/usr/include/qt5/QtScript" />
            <Add directory="/usr/include/qt5/QtWidgets" />
            <Add directory="/usr/include/qt5/QtXml" />
            <Add directory="/usr/lib64/qt5/mkspecs/linux-g++" />
         </Compiler>
         <MakeCommands>
            <Build command="/bin/gmake -f &quot;/home/mgimeno/CGAL_Doxygen/Example_plugin/Makefile&quot;  VERBOSE=1 example_plugin" />
            <CompileFile command="/bin/gmake -f &quot;/home/mgimeno/CGAL_Doxygen/Example_plugin/Makefile&quot;  VERBOSE=1 &quot;$file&quot;" />
            <Clean command="/bin/gmake -f &quot;/home/mgimeno/CGAL_Doxygen/Example_plugin/Makefile&quot;  VERBOSE=1 clean" />
            <DistClean command="/bin/gmake -f &quot;/home/mgimeno/CGAL_Doxygen/Example_plugin/Makefile&quot;  VERBOSE=1 clean" />
         </MakeCommands>
      </Target>
      <Target title="example_plugin/fast">
         <Option output="/home/mgimeno/CGAL_Doxygen/Example_plugin/libexample_plugin.so" prefix_auto="0" extension_auto="0" />
         <Option working_dir="/home/mgimeno/CGAL_Doxygen/Example_plugin" />
         <Option object_output="./" />
         <Option type="3" />
         <Option compiler="gcc" />
         <Compiler>
            <Add option="-DQT_WIDGETS_LIB" />
            <Add option="-DQT_GUI_LIB" />
            <Add option="-DQT_CORE_LIB" />
            <Add option="-DQT_SCRIPT_LIB" />
            <Add option="-DQT_OPENGL_LIB" />
            <Add option="-DQT_XML_LIB" />
            <Add option="-DCGAL_USE_MPFR" />
            <Add option="-DCGAL_USE_GMP" />
            <Add option="-DUSE_FORWARD_DECL" />
            <Add option="-DQT_NO_DEBUG" />
            <Add directory="/home/mgimeno/CGAL_Doxygen/AABB_tree/include" />
            <Add directory="/home/mgimeno/CGAL_Doxygen/Advancing_front_surface_reconstruction/include" />
            <Add directory="/home/mgimeno/CGAL_Doxygen/Algebraic_foundations/include" />
            <Add directory="/home/mgimeno/CGAL_Doxygen/Algebraic_kernel_d/include" />
            <Add directory="/home/mgimeno/CGAL_Doxygen/Algebraic_kernel_for_circles/include" />
            <Add directory="/home/mgimeno/CGAL_Doxygen/Algebraic_kernel_for_spheres/include" />
            <Add directory="/home/mgimeno/CGAL_Doxygen/Alpha_shapes_2/include" />
            <Add directory="/home/mgimeno/CGAL_Doxygen/Alpha_shapes_3/include" />
            <Add directory="/home/mgimeno/CGAL_Doxygen/Apollonius_graph_2/include" />
            <Add directory="/home/mgimeno/CGAL_Doxygen/Arithmetic_kernel/include" />
            <Add directory="/home/mgimeno/CGAL_Doxygen/Arrangement_on_surface_2/include" />
            <Add directory="/home/mgimeno/CGAL_Doxygen/BGL/include" />
            <Add directory="/home/mgimeno/CGAL_Doxygen/Barycentric_coordinates_2/include" />
            <Add directory="/home/mgimeno/CGAL_Doxygen/Boolean_set_operations_2/include" />
            <Add directory="/home/mgimeno/CGAL_Doxygen/Bounding_volumes/include" />
            <Add directory="/home/mgimeno/CGAL_Doxygen/Box_intersection_d/include" />
            <Add directory="/home/mgimeno/CGAL_Doxygen/Build/include" />
            <Add directory="/home/mgimeno/CGAL_Doxygen/CGAL_Core/include" />
            <Add directory="/home/mgimeno/CGAL_Doxygen/CGAL_ImageIO/include" />
            <Add directory="/home/mgimeno/CGAL_Doxygen/CGAL_ipelets/include" />
            <Add directory="/home/mgimeno/CGAL_Doxygen/Cartesian_kernel/include" />
            <Add directory="/home/mgimeno/CGAL_Doxygen/Circular_kernel_2/include" />
            <Add directory="/home/mgimeno/CGAL_Doxygen/Circular_kernel_3/include" />
            <Add directory="/home/mgimeno/CGAL_Doxygen/Circulator/include" />
            <Add directory="/home/mgimeno/CGAL_Doxygen/Combinatorial_map/include" />
            <Add directory="/home/mgimeno/CGAL_Doxygen/Conic_2/include" />
            <Add directory="/home/mgimeno/CGAL_Doxygen/Convex_decomposition_3/include" />
            <Add directory="/home/mgimeno/CGAL_Doxygen/Convex_hull_2/include" />
            <Add directory="/home/mgimeno/CGAL_Doxygen/Convex_hull_3/include" />
            <Add directory="/home/mgimeno/CGAL_Doxygen/Convex_hull_d/include" />
            <Add directory="/home/mgimeno/CGAL_Doxygen/Distance_2/include" />
            <Add directory="/home/mgimeno/CGAL_Doxygen/Distance_3/include" />
            <Add directory="/home/mgimeno/CGAL_Doxygen/Envelope_2/include" />
            <Add directory="/home/mgimeno/CGAL_Doxygen/Envelope_3/include" />
            <Add directory="/home/mgimeno/CGAL_Doxygen/Example_plugin" />
            <Add directory="/home/mgimeno/CGAL_Doxygen/Filtered_kernel/include" />
            <Add directory="/home/mgimeno/CGAL_Doxygen/Generator/include" />
            <Add directory="/home/mgimeno/CGAL_Doxygen/Geomview/include" />
            <Add directory="/home/mgimeno/CGAL_Doxygen/GraphicsView/include" />
            <Add directory="/home/mgimeno/CGAL_Doxygen/HalfedgeDS/include" />
            <Add directory="/home/mgimeno/CGAL_Doxygen/Hash_map/include" />
            <Add directory="/home/mgimeno/CGAL_Doxygen/Homogeneous_kernel/include" />
            <Add directory="/home/mgimeno/CGAL_Doxygen/Inscribed_areas/include" />
            <Add directory="/home/mgimeno/CGAL_Doxygen/Installation/include" />
            <Add directory="/home/mgimeno/CGAL_Doxygen/Interpolation/include" />
            <Add directory="/home/mgimeno/CGAL_Doxygen/Intersections_2/include" />
            <Add directory="/home/mgimeno/CGAL_Doxygen/Intersections_3/include" />
            <Add directory="/home/mgimeno/CGAL_Doxygen/Interval_skip_list/include" />
            <Add directory="/home/mgimeno/CGAL_Doxygen/Interval_support/include" />
            <Add directory="/home/mgimeno/CGAL_Doxygen/Inventor/include" />
            <Add directory="/home/mgimeno/CGAL_Doxygen/Jet_fitting_3/include" />
            <Add directory="/home/mgimeno/CGAL_Doxygen/Kernel_23/include" />
            <Add directory="/home/mgimeno/CGAL_Doxygen/Kernel_d/include" />
            <Add directory="/home/mgimeno/CGAL_Doxygen/Kinetic_data_structures/include" />
            <Add directory="/home/mgimeno/CGAL_Doxygen/Kinetic_framework/include" />
            <Add directory="/home/mgimeno/CGAL_Doxygen/LEDA/include" />
            <Add directory="/home/mgimeno/CGAL_Doxygen/Linear_cell_complex/include" />
            <Add directory="/home/mgimeno/CGAL_Doxygen/MacOSX/include" />
            <Add directory="/home/mgimeno/CGAL_Doxygen/Maintenance/include" />
            <Add directory="/home/mgimeno/CGAL_Doxygen/Matrix_search/include" />
            <Add directory="/home/mgimeno/CGAL_Doxygen/Mesh_2/include" />
            <Add directory="/home/mgimeno/CGAL_Doxygen/Mesh_3/include" />
            <Add directory="/home/mgimeno/CGAL_Doxygen/Minkowski_sum_2/include" />
            <Add directory="/home/mgimeno/CGAL_Doxygen/Minkowski_sum_3/include" />
            <Add directory="/home/mgimeno/CGAL_Doxygen/Modifier/include" />
            <Add directory="/home/mgimeno/CGAL_Doxygen/Modular_arithmetic/include" />
            <Add directory="/home/mgimeno/CGAL_Doxygen/Nef_2/include" />
            <Add directory="/home/mgimeno/CGAL_Doxygen/Nef_3/include" />
            <Add directory="/home/mgimeno/CGAL_Doxygen/Nef_S2/include" />
            <Add directory="/home/mgimeno/CGAL_Doxygen/NewKernel_d/include" />
            <Add directory="/home/mgimeno/CGAL_Doxygen/Number_types/include" />
            <Add directory="/home/mgimeno/CGAL_Doxygen/OpenNL/include" />
            <Add directory="/home/mgimeno/CGAL_Doxygen/Operations_on_polyhedra/include" />
            <Add directory="/home/mgimeno/CGAL_Doxygen/Optimisation_basic/include" />
            <Add directory="/home/mgimeno/CGAL_Doxygen/Partition_2/include" />
            <Add directory="/home/mgimeno/CGAL_Doxygen/Periodic_2_triangulation_2/include" />
            <Add directory="/home/mgimeno/CGAL_Doxygen/Periodic_3_triangulation_3/include" />
            <Add directory="/home/mgimeno/CGAL_Doxygen/Point_set_2/include" />
            <Add directory="/home/mgimeno/CGAL_Doxygen/Point_set_processing_3/include" />
            <Add directory="/home/mgimeno/CGAL_Doxygen/Point_set_shape_detection_3/include" />
            <Add directory="/home/mgimeno/CGAL_Doxygen/Poisson_surface_reconstruction_3/include" />
            <Add directory="/home/mgimeno/CGAL_Doxygen/Polygon/include" />
            <Add directory="/home/mgimeno/CGAL_Doxygen/Polygon_mesh_processing/include" />
            <Add directory="/home/mgimeno/CGAL_Doxygen/Polyhedron/demo/Polyhedron" />
            <Add directory="/home/mgimeno/CGAL_Doxygen/Polyhedron/demo/Polyhedron/CGAL_demo" />
            <Add directory="/home/mgimeno/CGAL_Doxygen/Polyhedron/demo/Polyhedron/include" />
            <Add directory="/home/mgimeno/CGAL_Doxygen/Polyhedron/include" />
            <Add directory="/home/mgimeno/CGAL_Doxygen/Polyhedron_IO/include" />
            <Add directory="/home/mgimeno/CGAL_Doxygen/Polyline_simplification_2/include" />
            <Add directory="/home/mgimeno/CGAL_Doxygen/Polynomial/include" />
            <Add directory="/home/mgimeno/CGAL_Doxygen/Polytope_distance_d/include" />
            <Add directory="/home/mgimeno/CGAL_Doxygen/Principal_component_analysis/include" />
            <Add directory="/home/mgimeno/CGAL_Doxygen/Profiling_tools/include" />
            <Add directory="/home/mgimeno/CGAL_Doxygen/Property_map/include" />
            <Add directory="/home/mgimeno/CGAL_Doxygen/QP_solver/include" />
            <Add directory="/home/mgimeno/CGAL_Doxygen/Qt_widget/include" />
            <Add directory="/home/mgimeno/CGAL_Doxygen/Random_numbers/include" />
            <Add directory="/home/mgimeno/CGAL_Doxygen/Ridges_3/include" />
            <Add directory="/home/mgimeno/CGAL_Doxygen/STL_Extension/include" />
            <Add directory="/home/mgimeno/CGAL_Doxygen/Scale_space_reconstruction_3/include" />
            <Add directory="/home/mgimeno/CGAL_Doxygen/Scripts/include" />
            <Add directory="/home/mgimeno/CGAL_Doxygen/SearchStructures/include" />
            <Add directory="/home/mgimeno/CGAL_Doxygen/Segment_Delaunay_graph_2/include" />
            <Add directory="/home/mgimeno/CGAL_Doxygen/Segment_Delaunay_graph_Linf_2/include" />
            <Add directory="/home/mgimeno/CGAL_Doxygen/Skin_surface_3/include" />
            <Add directory="/home/mgimeno/CGAL_Doxygen/Snap_rounding_2/include" />
            <Add directory="/home/mgimeno/CGAL_Doxygen/Solver_interface/include" />
            <Add directory="/home/mgimeno/CGAL_Doxygen/Spatial_searching/include" />
            <Add directory="/home/mgimeno/CGAL_Doxygen/Spatial_sorting/include" />
            <Add directory="/home/mgimeno/CGAL_Doxygen/Straight_skeleton_2/include" />
            <Add directory="/home/mgimeno/CGAL_Doxygen/Stream_lines_2/include" />
            <Add directory="/home/mgimeno/CGAL_Doxygen/Stream_support/include" />
            <Add directory="/home/mgimeno/CGAL_Doxygen/Subdivision_method_3/include" />
            <Add directory="/home/mgimeno/CGAL_Doxygen/Surface_mesh/include" />
            <Add directory="/home/mgimeno/CGAL_Doxygen/Surface_mesh_parameterization/include" />
            <Add directory="/home/mgimeno/CGAL_Doxygen/Surface_mesh_segmentation/include" />
            <Add directory="/home/mgimeno/CGAL_Doxygen/Surface_mesh_shortest_path/include" />
            <Add directory="/home/mgimeno/CGAL_Doxygen/Surface_mesh_simplification/include" />
            <Add directory="/home/mgimeno/CGAL_Doxygen/Surface_mesh_skeletonization/include" />
            <Add directory="/home/mgimeno/CGAL_Doxygen/Surface_mesher/include" />
            <Add directory="/home/mgimeno/CGAL_Doxygen/Surface_modeling/include" />
            <Add directory="/home/mgimeno/CGAL_Doxygen/Sweep_line_2/include" />
            <Add directory="/home/mgimeno/CGAL_Doxygen/TDS_2/include" />
            <Add directory="/home/mgimeno/CGAL_Doxygen/TDS_3/include" />
            <Add directory="/home/mgimeno/CGAL_Doxygen/Testsuite/include" />
            <Add directory="/home/mgimeno/CGAL_Doxygen/Three/include" />
            <Add directory="/home/mgimeno/CGAL_Doxygen/Triangulation/include" />
            <Add directory="/home/mgimeno/CGAL_Doxygen/Triangulation_2/include" />
            <Add directory="/home/mgimeno/CGAL_Doxygen/Triangulation_3/include" />
            <Add directory="/home/mgimeno/CGAL_Doxygen/Union_find/include" />
            <Add directory="/home/mgimeno/CGAL_Doxygen/Visibility_2/include" />
            <Add directory="/home/mgimeno/CGAL_Doxygen/Voronoi_diagram_2/include" />
            <Add directory="/home/mgimeno/CGAL_Doxygen/wininst/include" />
            <Add directory="/usr/include/qt5" />
            <Add directory="/usr/include/qt5/QtCore" />
            <Add directory="/usr/include/qt5/QtGui" />
            <Add directory="/usr/include/qt5/QtOpenGL" />
            <Add directory="/usr/include/qt5/QtScript" />
            <Add directory="/usr/include/qt5/QtWidgets" />
            <Add directory="/usr/include/qt5/QtXml" />
            <Add directory="/usr/lib64/qt5/mkspecs/linux-g++" />
         </Compiler>
         <MakeCommands>
            <Build command="/bin/gmake -f &quot;/home/mgimeno/CGAL_Doxygen/Example_plugin/Makefile&quot;  VERBOSE=1 example_plugin/fast" />
            <CompileFile command="/bin/gmake -f &quot;/home/mgimeno/CGAL_Doxygen/Example_plugin/Makefile&quot;  VERBOSE=1 &quot;$file&quot;" />
            <Clean command="/bin/gmake -f &quot;/home/mgimeno/CGAL_Doxygen/Example_plugin/Makefile&quot;  VERBOSE=1 clean" />
            <DistClean command="/bin/gmake -f &quot;/home/mgimeno/CGAL_Doxygen/Example_plugin/Makefile&quot;  VERBOSE=1 clean" />
         </MakeCommands>
      </Target>
      <Target title="example_plugin_automoc">
         <Option working_dir="/home/mgimeno/CGAL_Doxygen/Example_plugin" />
         <Option type="4" />
         <MakeCommands>
            <Build command="/bin/gmake -f &quot;/home/mgimeno/CGAL_Doxygen/Example_plugin/Makefile&quot;  VERBOSE=1 example_plugin_automoc" />
            <CompileFile command="/bin/gmake -f &quot;/home/mgimeno/CGAL_Doxygen/Example_plugin/Makefile&quot;  VERBOSE=1 &quot;$file&quot;" />
            <Clean command="/bin/gmake -f &quot;/home/mgimeno/CGAL_Doxygen/Example_plugin/Makefile&quot;  VERBOSE=1 clean" />
            <DistClean command="/bin/gmake -f &quot;/home/mgimeno/CGAL_Doxygen/Example_plugin/Makefile&quot;  VERBOSE=1 clean" />
         </MakeCommands>
      </Target>
      <Target title="rebuild_cache">
         <Option working_dir="/home/mgimeno/CGAL_Doxygen/Example_plugin" />
         <Option type="4" />
         <MakeCommands>
            <Build command="/bin/gmake -f &quot;/home/mgimeno/CGAL_Doxygen/Example_plugin/Makefile&quot;  VERBOSE=1 rebuild_cache" />
            <CompileFile command="/bin/gmake -f &quot;/home/mgimeno/CGAL_Doxygen/Example_plugin/Makefile&quot;  VERBOSE=1 &quot;$file&quot;" />
            <Clean command="/bin/gmake -f &quot;/home/mgimeno/CGAL_Doxygen/Example_plugin/Makefile&quot;  VERBOSE=1 clean" />
            <DistClean command="/bin/gmake -f &quot;/home/mgimeno/CGAL_Doxygen/Example_plugin/Makefile&quot;  VERBOSE=1 clean" />
         </MakeCommands>
      </Target>
      </Build>
      <Unit filename="/home/mgimeno/CGAL_Doxygen/Example_plugin/Polyhedron_demo_example_plugin.cpp">
      </Unit>
      <Unit filename="/home/mgimeno/CGAL_Doxygen/Example_plugin/Polyhedron_demo_example_plugin.ui">
      </Unit>
      <Unit filename="/home/mgimeno/CGAL_Doxygen/Example_plugin/dock_example.ui">
      </Unit>
      <Unit filename="/home/mgimeno/CGAL_Doxygen/Example_plugin/CMakeLists.txt">
          <Option virtualFolder="CMake Files\" />
      </Unit>
      <Unit filename="/home/mgimeno/CGAL_Doxygen/Example_plugin/../Build/CGALConfig.cmake">
          <Option virtualFolder="CMake Files\..\Build\" />
      </Unit>
      <Unit filename="/home/mgimeno/CGAL_Doxygen/Example_plugin/../Build/CGALExports.cmake">
          <Option virtualFolder="CMake Files\..\Build\" />
      </Unit>
      <Unit filename="/home/mgimeno/CGAL_Doxygen/Example_plugin/../Installation/cmake/modules/UseCGAL.cmake">
          <Option virtualFolder="CMake Files\..\Installation\cmake\modules\" />
      </Unit>
      <Unit filename="/home/mgimeno/CGAL_Doxygen/Example_plugin/../Installation/cmake/modules/CGAL_Macros.cmake">
          <Option virtualFolder="CMake Files\..\Installation\cmake\modules\" />
      </Unit>
      <Unit filename="/home/mgimeno/CGAL_Doxygen/Example_plugin/../Installation/cmake/modules/CGAL_VersionUtils.cmake">
          <Option virtualFolder="CMake Files\..\Installation\cmake\modules\" />
      </Unit>
      <Unit filename="/home/mgimeno/CGAL_Doxygen/Example_plugin/../Installation/cmake/modules/CGAL_Common.cmake">
          <Option virtualFolder="CMake Files\..\Installation\cmake\modules\" />
      </Unit>
      <Unit filename="/home/mgimeno/CGAL_Doxygen/Example_plugin/../Installation/cmake/modules/CGAL_Macros.cmake">
          <Option virtualFolder="CMake Files\..\Installation\cmake\modules\" />
      </Unit>
      <Unit filename="/home/mgimeno/CGAL_Doxygen/Example_plugin/../Installation/cmake/modules/CGAL_SetupFlags.cmake">
          <Option virtualFolder="CMake Files\..\Installation\cmake\modules\" />
      </Unit>
      <Unit filename="/home/mgimeno/CGAL_Doxygen/Example_plugin/../Installation/cmake/modules/CGAL_GeneratorSpecificSettings.cmake">
          <Option virtualFolder="CMake Files\..\Installation\cmake\modules\" />
      </Unit>
      <Unit filename="/home/mgimeno/CGAL_Doxygen/Example_plugin/../Installation/cmake/modules/CGAL_TweakFindBoost.cmake">
          <Option virtualFolder="CMake Files\..\Installation\cmake\modules\" />
      </Unit>
      <Unit filename="/home/mgimeno/CGAL_Doxygen/Example_plugin/../Installation/cmake/modules/CGAL_SCM.cmake">
          <Option virtualFolder="CMake Files\..\Installation\cmake\modules\" />
      </Unit>
      <Unit filename="/home/mgimeno/CGAL_Doxygen/Example_plugin/../Installation/cmake/modules/FindOpenGL.cmake">
          <Option virtualFolder="CMake Files\..\Installation\cmake\modules\" />
      </Unit>
      <Unit filename="/home/mgimeno/CGAL_Doxygen/Example_plugin/../Installation/cmake/modules/CGAL_Macros.cmake">
          <Option virtualFolder="CMake Files\..\Installation\cmake\modules\" />
      </Unit>
      <Unit filename="/home/mgimeno/CGAL_Doxygen/Example_plugin/../Installation/cmake/modules/CGAL_Macros.cmake">
          <Option virtualFolder="CMake Files\..\Installation\cmake\modules\" />
      </Unit>
      <Unit filename="/home/mgimeno/CGAL_Doxygen/Example_plugin/../../../../lib64/cmake/Qt5/Qt5ConfigVersion.cmake">
          <Option virtualFolder="CMake Files\..\..\..\..\lib64\cmake\Qt5\" />
      </Unit>
      <Unit filename="/home/mgimeno/CGAL_Doxygen/Example_plugin/../../../../lib64/cmake/Qt5/Qt5Config.cmake">
          <Option virtualFolder="CMake Files\..\..\..\..\lib64\cmake\Qt5\" />
      </Unit>
      <Unit filename="/home/mgimeno/CGAL_Doxygen/Example_plugin/../../../../lib64/cmake/Qt5/Qt5ConfigVersion.cmake">
          <Option virtualFolder="CMake Files\..\..\..\..\lib64\cmake\Qt5\" />
      </Unit>
      <Unit filename="/home/mgimeno/CGAL_Doxygen/Example_plugin/../../../../lib64/cmake/Qt5/Qt5Config.cmake">
          <Option virtualFolder="CMake Files\..\..\..\..\lib64\cmake\Qt5\" />
      </Unit>
      <Unit filename="/home/mgimeno/CGAL_Doxygen/Example_plugin/../../../../lib64/cmake/Qt5OpenGL/Qt5OpenGLConfigVersion.cmake">
          <Option virtualFolder="CMake Files\..\..\..\..\lib64\cmake\Qt5OpenGL\" />
      </Unit>
      <Unit filename="/home/mgimeno/CGAL_Doxygen/Example_plugin/../../../../lib64/cmake/Qt5OpenGL/Qt5OpenGLConfig.cmake">
          <Option virtualFolder="CMake Files\..\..\..\..\lib64\cmake\Qt5OpenGL\" />
      </Unit>
      <Unit filename="/home/mgimeno/CGAL_Doxygen/Example_plugin/../../../../lib64/cmake/Qt5OpenGL/Qt5OpenGLConfigVersion.cmake">
          <Option virtualFolder="CMake Files\..\..\..\..\lib64\cmake\Qt5OpenGL\" />
      </Unit>
      <Unit filename="/home/mgimeno/CGAL_Doxygen/Example_plugin/../../../../lib64/cmake/Qt5OpenGL/Qt5OpenGLConfig.cmake">
          <Option virtualFolder="CMake Files\..\..\..\..\lib64\cmake\Qt5OpenGL\" />
      </Unit>
      <Unit filename="/home/mgimeno/CGAL_Doxygen/Example_plugin/../../../../lib64/cmake/Qt5Widgets/Qt5WidgetsConfigVersion.cmake">
          <Option virtualFolder="CMake Files\..\..\..\..\lib64\cmake\Qt5Widgets\" />
      </Unit>
      <Unit filename="/home/mgimeno/CGAL_Doxygen/Example_plugin/../../../../lib64/cmake/Qt5Widgets/Qt5WidgetsConfig.cmake">
          <Option virtualFolder="CMake Files\..\..\..\..\lib64\cmake\Qt5Widgets\" />
      </Unit>
      <Unit filename="/home/mgimeno/CGAL_Doxygen/Example_plugin/../../../../lib64/cmake/Qt5Widgets/Qt5WidgetsConfigExtras.cmake">
          <Option virtualFolder="CMake Files\..\..\..\..\lib64\cmake\Qt5Widgets\" />
      </Unit>
      <Unit filename="/home/mgimeno/CGAL_Doxygen/Example_plugin/../../../../lib64/cmake/Qt5Widgets/Qt5WidgetsMacros.cmake">
          <Option virtualFolder="CMake Files\..\..\..\..\lib64\cmake\Qt5Widgets\" />
      </Unit>
      <Unit filename="/home/mgimeno/CGAL_Doxygen/Example_plugin/../../../../lib64/cmake/Qt5Gui/Qt5GuiConfigVersion.cmake">
          <Option virtualFolder="CMake Files\..\..\..\..\lib64\cmake\Qt5Gui\" />
      </Unit>
      <Unit filename="/home/mgimeno/CGAL_Doxygen/Example_plugin/../../../../lib64/cmake/Qt5Gui/Qt5GuiConfig.cmake">
          <Option virtualFolder="CMake Files\..\..\..\..\lib64\cmake\Qt5Gui\" />
      </Unit>
      <Unit filename="/home/mgimeno/CGAL_Doxygen/Example_plugin/../../../../lib64/cmake/Qt5Gui/Qt5Gui_QEvdevKeyboardPlugin.cmake">
          <Option virtualFolder="CMake Files\..\..\..\..\lib64\cmake\Qt5Gui\" />
      </Unit>
      <Unit filename="/home/mgimeno/CGAL_Doxygen/Example_plugin/../../../../lib64/cmake/Qt5Gui/Qt5Gui_QMinimalIntegrationPlugin.cmake">
          <Option virtualFolder="CMake Files\..\..\..\..\lib64\cmake\Qt5Gui\" />
      </Unit>
      <Unit filename="/home/mgimeno/CGAL_Doxygen/Example_plugin/../../../../lib64/cmake/Qt5Gui/Qt5Gui_QGtk2ThemePlugin.cmake">
          <Option virtualFolder="CMake Files\..\..\..\..\lib64\cmake\Qt5Gui\" />
      </Unit>
      <Unit filename="/home/mgimeno/CGAL_Doxygen/Example_plugin/../../../../lib64/cmake/Qt5Gui/Qt5Gui_QXcbIntegrationPlugin.cmake">
          <Option virtualFolder="CMake Files\..\..\..\..\lib64\cmake\Qt5Gui\" />
      </Unit>
      <Unit filename="/home/mgimeno/CGAL_Doxygen/Example_plugin/../../../../lib64/cmake/Qt5Gui/Qt5Gui_QEglFSIntegrationPlugin.cmake">
          <Option virtualFolder="CMake Files\..\..\..\..\lib64\cmake\Qt5Gui\" />
      </Unit>
      <Unit filename="/home/mgimeno/CGAL_Doxygen/Example_plugin/../../../../lib64/cmake/Qt5Gui/Qt5Gui_QJpegPlugin.cmake">
          <Option virtualFolder="CMake Files\..\..\..\..\lib64\cmake\Qt5Gui\" />
      </Unit>
      <Unit filename="/home/mgimeno/CGAL_Doxygen/Example_plugin/../../../../lib64/cmake/Qt5Gui/Qt5Gui_QComposePlatformInputContextPlugin.cmake">
          <Option virtualFolder="CMake Files\..\..\..\..\lib64\cmake\Qt5Gui\" />
      </Unit>
      <Unit filename="/home/mgimeno/CGAL_Doxygen/Example_plugin/../../../../lib64/cmake/Qt5Gui/Qt5Gui_QLinuxFbIntegrationPlugin.cmake">
          <Option virtualFolder="CMake Files\..\..\..\..\lib64\cmake\Qt5Gui\" />
      </Unit>
      <Unit filename="/home/mgimeno/CGAL_Doxygen/Example_plugin/../../../../lib64/cmake/Qt5Gui/Qt5Gui_QOffscreenIntegrationPlugin.cmake">
          <Option virtualFolder="CMake Files\..\..\..\..\lib64\cmake\Qt5Gui\" />
      </Unit>
      <Unit filename="/home/mgimeno/CGAL_Doxygen/Example_plugin/../../../../lib64/cmake/Qt5Gui/Qt5Gui_QKmsIntegrationPlugin.cmake">
          <Option virtualFolder="CMake Files\..\..\..\..\lib64\cmake\Qt5Gui\" />
      </Unit>
      <Unit filename="/home/mgimeno/CGAL_Doxygen/Example_plugin/../../../../lib64/cmake/Qt5Gui/Qt5Gui_QGifPlugin.cmake">
          <Option virtualFolder="CMake Files\..\..\..\..\lib64\cmake\Qt5Gui\" />
      </Unit>
      <Unit filename="/home/mgimeno/CGAL_Doxygen/Example_plugin/../../../../lib64/cmake/Qt5Gui/Qt5Gui_QEvdevMousePlugin.cmake">
          <Option virtualFolder="CMake Files\..\..\..\..\lib64\cmake\Qt5Gui\" />
      </Unit>
      <Unit filename="/home/mgimeno/CGAL_Doxygen/Example_plugin/../../../../lib64/cmake/Qt5Gui/Qt5Gui_QMinimalEglIntegrationPlugin.cmake">
          <Option virtualFolder="CMake Files\..\..\..\..\lib64\cmake\Qt5Gui\" />
      </Unit>
      <Unit filename="/home/mgimeno/CGAL_Doxygen/Example_plugin/../../../../lib64/cmake/Qt5Gui/Qt5Gui_QEvdevTabletPlugin.cmake">
          <Option virtualFolder="CMake Files\..\..\..\..\lib64\cmake\Qt5Gui\" />
      </Unit>
      <Unit filename="/home/mgimeno/CGAL_Doxygen/Example_plugin/../../../../lib64/cmake/Qt5Gui/Qt5Gui_QICOPlugin.cmake">
          <Option virtualFolder="CMake Files\..\..\..\..\lib64\cmake\Qt5Gui\" />
      </Unit>
      <Unit filename="/home/mgimeno/CGAL_Doxygen/Example_plugin/../../../../lib64/cmake/Qt5Gui/Qt5Gui_QIbusPlatformInputContextPlugin.cmake">
          <Option virtualFolder="CMake Files\..\..\..\..\lib64\cmake\Qt5Gui\" />
      </Unit>
      <Unit filename="/home/mgimeno/CGAL_Doxygen/Example_plugin/../../../../lib64/cmake/Qt5Gui/Qt5Gui_QEvdevTouchScreenPlugin.cmake">
          <Option virtualFolder="CMake Files\..\..\..\..\lib64\cmake\Qt5Gui\" />
      </Unit>
      <Unit filename="/home/mgimeno/CGAL_Doxygen/Example_plugin/../../../../lib64/cmake/Qt5Gui/Qt5GuiConfigExtras.cmake">
          <Option virtualFolder="CMake Files\..\..\..\..\lib64\cmake\Qt5Gui\" />
      </Unit>
      <Unit filename="/home/mgimeno/CGAL_Doxygen/Example_plugin/../../../../lib64/cmake/Qt5Core/Qt5CoreConfigVersion.cmake">
          <Option virtualFolder="CMake Files\..\..\..\..\lib64\cmake\Qt5Core\" />
      </Unit>
      <Unit filename="/home/mgimeno/CGAL_Doxygen/Example_plugin/../../../../lib64/cmake/Qt5Core/Qt5CoreConfig.cmake">
          <Option virtualFolder="CMake Files\..\..\..\..\lib64\cmake\Qt5Core\" />
      </Unit>
      <Unit filename="/home/mgimeno/CGAL_Doxygen/Example_plugin/../../../../lib64/cmake/Qt5Core/Qt5CoreConfigExtras.cmake">
          <Option virtualFolder="CMake Files\..\..\..\..\lib64\cmake\Qt5Core\" />
      </Unit>
      <Unit filename="/home/mgimeno/CGAL_Doxygen/Example_plugin/../../../../lib64/cmake/Qt5Core/Qt5CoreConfigExtrasMkspecDir.cmake">
          <Option virtualFolder="CMake Files\..\..\..\..\lib64\cmake\Qt5Core\" />
      </Unit>
      <Unit filename="/home/mgimeno/CGAL_Doxygen/Example_plugin/../../../../lib64/cmake/Qt5Core/Qt5CoreMacros.cmake">
          <Option virtualFolder="CMake Files\..\..\..\..\lib64\cmake\Qt5Core\" />
      </Unit>
      <Unit filename="/home/mgimeno/CGAL_Doxygen/Example_plugin/../../../../lib64/cmake/Qt5Svg/Qt5SvgConfigVersion.cmake">
          <Option virtualFolder="CMake Files\..\..\..\..\lib64\cmake\Qt5Svg\" />
      </Unit>
      <Unit filename="/home/mgimeno/CGAL_Doxygen/Example_plugin/../../../../lib64/cmake/Qt5Svg/Qt5SvgConfig.cmake">
          <Option virtualFolder="CMake Files\..\..\..\..\lib64\cmake\Qt5Svg\" />
      </Unit>
      <Unit filename="/home/mgimeno/CGAL_Doxygen/Example_plugin/../../../../lib64/cmake/Qt5Svg/Qt5Svg_QSvgIconPlugin.cmake">
          <Option virtualFolder="CMake Files\..\..\..\..\lib64\cmake\Qt5Svg\" />
      </Unit>
      <Unit filename="/home/mgimeno/CGAL_Doxygen/Example_plugin/../../../../lib64/cmake/Qt5Svg/Qt5Svg_QSvgPlugin.cmake">
          <Option virtualFolder="CMake Files\..\..\..\..\lib64\cmake\Qt5Svg\" />
      </Unit>
      <Unit filename="/home/mgimeno/CGAL_Doxygen/Example_plugin/../../../../lib64/cmake/Qt5Svg/Qt5SvgConfigVersion.cmake">
          <Option virtualFolder="CMake Files\..\..\..\..\lib64\cmake\Qt5Svg\" />
      </Unit>
      <Unit filename="/home/mgimeno/CGAL_Doxygen/Example_plugin/../../../../lib64/cmake/Qt5Svg/Qt5SvgConfig.cmake">
          <Option virtualFolder="CMake Files\..\..\..\..\lib64\cmake\Qt5Svg\" />
      </Unit>
      <Unit filename="/home/mgimeno/CGAL_Doxygen/Example_plugin/../../../../lib64/cmake/Qt5Script/Qt5ScriptConfigVersion.cmake">
          <Option virtualFolder="CMake Files\..\..\..\..\lib64\cmake\Qt5Script\" />
      </Unit>
      <Unit filename="/home/mgimeno/CGAL_Doxygen/Example_plugin/../../../../lib64/cmake/Qt5Script/Qt5ScriptConfig.cmake">
          <Option virtualFolder="CMake Files\..\..\..\..\lib64\cmake\Qt5Script\" />
      </Unit>
      <Unit filename="/home/mgimeno/CGAL_Doxygen/Example_plugin/../../../../lib64/cmake/Qt5Xml/Qt5XmlConfigVersion.cmake">
          <Option virtualFolder="CMake Files\..\..\..\..\lib64\cmake\Qt5Xml\" />
      </Unit>
      <Unit filename="/home/mgimeno/CGAL_Doxygen/Example_plugin/../../../../lib64/cmake/Qt5Xml/Qt5XmlConfig.cmake">
          <Option virtualFolder="CMake Files\..\..\..\..\lib64\cmake\Qt5Xml\" />
      </Unit>
      <Unit filename="/home/mgimeno/CGAL_Doxygen/Example_plugin/../../../../lib64/cmake/Qt5ScriptTools/Qt5ScriptToolsConfigVersion.cmake">
          <Option virtualFolder="CMake Files\..\..\..\..\lib64\cmake\Qt5ScriptTools\" />
      </Unit>
      <Unit filename="/home/mgimeno/CGAL_Doxygen/Example_plugin/../../../../lib64/cmake/Qt5ScriptTools/Qt5ScriptToolsConfig.cmake">
          <Option virtualFolder="CMake Files\..\..\..\..\lib64\cmake\Qt5ScriptTools\" />
      </Unit>
      <Unit filename="/home/mgimeno/CGAL_Doxygen/Example_plugin/../Polyhedron/demo/Polyhedron-build/CGAL_polyhedron_demoConfig.cmake">
          <Option virtualFolder="CMake Files\..\Polyhedron\demo\Polyhedron-build\" />
      </Unit>
      <Unit filename="/home/mgimeno/CGAL_Doxygen/Example_plugin/../Polyhedron/demo/Polyhedron-build/polyhedron_demo_targets.cmake">
          <Option virtualFolder="CMake Files\..\Polyhedron\demo\Polyhedron-build\" />
      </Unit>
      <Unit filename="/home/mgimeno/CGAL_Doxygen/Example_plugin/../Polyhedron/demo/Polyhedron/UseCGAL_polyhedron_demo.cmake">
          <Option virtualFolder="CMake Files\..\Polyhedron\demo\Polyhedron\" />
      </Unit>
      <Unit filename="/home/mgimeno/CGAL_Doxygen/Example_plugin/../Polyhedron/demo/Polyhedron/polyhedron_demo_macros.cmake">
          <Option virtualFolder="CMake Files\..\Polyhedron\demo\Polyhedron\" />
      </Unit>
      <Unit filename="/home/mgimeno/CGAL_Doxygen/Example_plugin/../Polyhedron/demo/Polyhedron/polyhedron_demo_macros.cmake">
          <Option virtualFolder="CMake Files\..\Polyhedron\demo\Polyhedron\" />
      </Unit>
   </Project>
</CodeBlocks_project_file>
