Microsoft Visual Studio Solution File, Format Version 7.00
Project("{8BC9CEB8-8B4A-11D0-8D11-00A0C91BC942}") = "terrain", "terrain.vcproj", "{2B6C556C-8B54-4EF2-AFC7-A6E69C11D989}"
EndProject
Global
	GlobalSection(SolutionConfiguration) = preSolution
		ConfigName.0 = Debug
		ConfigName.1 = Release
	EndGlobalSection
	GlobalSection(ProjectDependencies) = postSolution
	EndGlobalSection
	GlobalSection(ProjectConfiguration) = postSolution
		{2B6C556C-8B54-4EF2-AFC7-A6E69C11D989}.Debug.ActiveCfg = Debug|Win32
		{2B6C556C-8B54-4EF2-AFC7-A6E69C11D989}.Debug.Build.0 = Debug|Win32
		{2B6C556C-8B54-4EF2-AFC7-A6E69C11D989}.Release.ActiveCfg = Release|Win32
		{2B6C556C-8B54-4EF2-AFC7-A6E69C11D989}.Release.Build.0 = Release|Win32
	EndGlobalSection
	GlobalSection(ExtensibilityGlobals) = postSolution
	EndGlobalSection
	GlobalSection(ExtensibilityAddIns) = postSolution
	EndGlobalSection
EndGlobal
