Microsoft Visual Studio Solution File, Format Version 9.00
# Visual Studio 2005
Project("{8BC9CEB8-8B4A-11D0-8D11-00A0C91BC942}") = "barycenter", "VC\barycenter.vcproj", "{00000000-0000-0000-0000-000000016583}"
EndProject
Project("{8BC9CEB8-8B4A-11D0-8D11-00A0C91BC942}") = "bounding_box", "VC\bounding_box.vcproj", "{00000000-0000-0000-0000-000000028395}"
EndProject
Project("{8BC9CEB8-8B4A-11D0-8D11-00A0C91BC942}") = "centroid", "VC\centroid.vcproj", "{00000000-0000-0000-0000-000000007439}"
EndProject
Project("{8BC9CEB8-8B4A-11D0-8D11-00A0C91BC942}") = "linear_least_squares_fitting_circles_2", "VC\linear_least_squares_fitting_circles_2.vcproj", "{00000000-0000-0000-0000-000000019251}"
EndProject
Project("{8BC9CEB8-8B4A-11D0-8D11-00A0C91BC942}") = "linear_least_squares_fitting_cuboids_3", "VC\linear_least_squares_fitting_cuboids_3.vcproj", "{00000000-0000-0000-0000-000000031063}"
EndProject
Project("{8BC9CEB8-8B4A-11D0-8D11-00A0C91BC942}") = "linear_least_squares_fitting_points_2", "VC\linear_least_squares_fitting_points_2.vcproj", "{00000000-0000-0000-0000-000000010107}"
EndProject
Project("{8BC9CEB8-8B4A-11D0-8D11-00A0C91BC942}") = "linear_least_squares_fitting_points_3", "VC\linear_least_squares_fitting_points_3.vcproj", "{00000000-0000-0000-0000-000000021919}"
EndProject
Project("{8BC9CEB8-8B4A-11D0-8D11-00A0C91BC942}") = "linear_least_squares_fitting_rectangles_2", "VC\linear_least_squares_fitting_rectangles_2.vcproj", "{00000000-0000-0000-0000-000000000963}"
EndProject
Project("{8BC9CEB8-8B4A-11D0-8D11-00A0C91BC942}") = "linear_least_squares_fitting_segments_2", "VC\linear_least_squares_fitting_segments_2.vcproj", "{00000000-0000-0000-0000-000000012775}"
EndProject
Project("{8BC9CEB8-8B4A-11D0-8D11-00A0C91BC942}") = "linear_least_squares_fitting_segments_3", "VC\linear_least_squares_fitting_segments_3.vcproj", "{00000000-0000-0000-0000-000000024587}"
EndProject
Project("{8BC9CEB8-8B4A-11D0-8D11-00A0C91BC942}") = "linear_least_squares_fitting_spheres_3", "VC\linear_least_squares_fitting_spheres_3.vcproj", "{00000000-0000-0000-0000-000000003631}"
EndProject
Project("{8BC9CEB8-8B4A-11D0-8D11-00A0C91BC942}") = "linear_least_squares_fitting_tetrahedra_3", "VC\linear_least_squares_fitting_tetrahedra_3.vcproj", "{00000000-0000-0000-0000-000000015443}"
EndProject
Project("{8BC9CEB8-8B4A-11D0-8D11-00A0C91BC942}") = "linear_least_squares_fitting_triangles_2", "VC\linear_least_squares_fitting_triangles_2.vcproj", "{00000000-0000-0000-0000-000000027255}"
EndProject
Project("{8BC9CEB8-8B4A-11D0-8D11-00A0C91BC942}") = "linear_least_squares_fitting_triangles_3", "VC\linear_least_squares_fitting_triangles_3.vcproj", "{00000000-0000-0000-0000-000000006299}"
EndProject
Global
	GlobalSection(SolutionConfigurationPlatforms) = preSolution
		Debug|Win32 = Debug|Win32
		Release|Win32 = Release|Win32
	EndGlobalSection
	GlobalSection(ProjectConfigurationPlatforms) = postSolution
		{00000000-0000-0000-0000-000000016583}.Debug|Win32.ActiveCfg = Debug|Win32
		{00000000-0000-0000-0000-000000016583}.Debug|Win32.Build.0 = Debug|Win32
		{00000000-0000-0000-0000-000000016583}.Release|Win32.ActiveCfg = Release|Win32
		{00000000-0000-0000-0000-000000016583}.Release|Win32.Build.0 = Release|Win32
		{00000000-0000-0000-0000-000000028395}.Debug|Win32.ActiveCfg = Debug|Win32
		{00000000-0000-0000-0000-000000028395}.Debug|Win32.Build.0 = Debug|Win32
		{00000000-0000-0000-0000-000000028395}.Release|Win32.ActiveCfg = Release|Win32
		{00000000-0000-0000-0000-000000028395}.Release|Win32.Build.0 = Release|Win32
		{00000000-0000-0000-0000-000000007439}.Debug|Win32.ActiveCfg = Debug|Win32
		{00000000-0000-0000-0000-000000007439}.Debug|Win32.Build.0 = Debug|Win32
		{00000000-0000-0000-0000-000000007439}.Release|Win32.ActiveCfg = Release|Win32
		{00000000-0000-0000-0000-000000007439}.Release|Win32.Build.0 = Release|Win32
		{00000000-0000-0000-0000-000000019251}.Debug|Win32.ActiveCfg = Debug|Win32
		{00000000-0000-0000-0000-000000019251}.Debug|Win32.Build.0 = Debug|Win32
		{00000000-0000-0000-0000-000000019251}.Release|Win32.ActiveCfg = Release|Win32
		{00000000-0000-0000-0000-000000019251}.Release|Win32.Build.0 = Release|Win32
		{00000000-0000-0000-0000-000000031063}.Debug|Win32.ActiveCfg = Debug|Win32
		{00000000-0000-0000-0000-000000031063}.Debug|Win32.Build.0 = Debug|Win32
		{00000000-0000-0000-0000-000000031063}.Release|Win32.ActiveCfg = Release|Win32
		{00000000-0000-0000-0000-000000031063}.Release|Win32.Build.0 = Release|Win32
		{00000000-0000-0000-0000-000000010107}.Debug|Win32.ActiveCfg = Debug|Win32
		{00000000-0000-0000-0000-000000010107}.Debug|Win32.Build.0 = Debug|Win32
		{00000000-0000-0000-0000-000000010107}.Release|Win32.ActiveCfg = Release|Win32
		{00000000-0000-0000-0000-000000010107}.Release|Win32.Build.0 = Release|Win32
		{00000000-0000-0000-0000-000000021919}.Debug|Win32.ActiveCfg = Debug|Win32
		{00000000-0000-0000-0000-000000021919}.Debug|Win32.Build.0 = Debug|Win32
		{00000000-0000-0000-0000-000000021919}.Release|Win32.ActiveCfg = Release|Win32
		{00000000-0000-0000-0000-000000021919}.Release|Win32.Build.0 = Release|Win32
		{00000000-0000-0000-0000-000000000963}.Debug|Win32.ActiveCfg = Debug|Win32
		{00000000-0000-0000-0000-000000000963}.Debug|Win32.Build.0 = Debug|Win32
		{00000000-0000-0000-0000-000000000963}.Release|Win32.ActiveCfg = Release|Win32
		{00000000-0000-0000-0000-000000000963}.Release|Win32.Build.0 = Release|Win32
		{00000000-0000-0000-0000-000000012775}.Debug|Win32.ActiveCfg = Debug|Win32
		{00000000-0000-0000-0000-000000012775}.Debug|Win32.Build.0 = Debug|Win32
		{00000000-0000-0000-0000-000000012775}.Release|Win32.ActiveCfg = Release|Win32
		{00000000-0000-0000-0000-000000012775}.Release|Win32.Build.0 = Release|Win32
		{00000000-0000-0000-0000-000000024587}.Debug|Win32.ActiveCfg = Debug|Win32
		{00000000-0000-0000-0000-000000024587}.Debug|Win32.Build.0 = Debug|Win32
		{00000000-0000-0000-0000-000000024587}.Release|Win32.ActiveCfg = Release|Win32
		{00000000-0000-0000-0000-000000024587}.Release|Win32.Build.0 = Release|Win32
		{00000000-0000-0000-0000-000000003631}.Debug|Win32.ActiveCfg = Debug|Win32
		{00000000-0000-0000-0000-000000003631}.Debug|Win32.Build.0 = Debug|Win32
		{00000000-0000-0000-0000-000000003631}.Release|Win32.ActiveCfg = Release|Win32
		{00000000-0000-0000-0000-000000003631}.Release|Win32.Build.0 = Release|Win32
		{00000000-0000-0000-0000-000000015443}.Debug|Win32.ActiveCfg = Debug|Win32
		{00000000-0000-0000-0000-000000015443}.Debug|Win32.Build.0 = Debug|Win32
		{00000000-0000-0000-0000-000000015443}.Release|Win32.ActiveCfg = Release|Win32
		{00000000-0000-0000-0000-000000015443}.Release|Win32.Build.0 = Release|Win32
		{00000000-0000-0000-0000-000000027255}.Debug|Win32.ActiveCfg = Debug|Win32
		{00000000-0000-0000-0000-000000027255}.Debug|Win32.Build.0 = Debug|Win32
		{00000000-0000-0000-0000-000000027255}.Release|Win32.ActiveCfg = Release|Win32
		{00000000-0000-0000-0000-000000027255}.Release|Win32.Build.0 = Release|Win32
		{00000000-0000-0000-0000-000000006299}.Debug|Win32.ActiveCfg = Debug|Win32
		{00000000-0000-0000-0000-000000006299}.Debug|Win32.Build.0 = Debug|Win32
		{00000000-0000-0000-0000-000000006299}.Release|Win32.ActiveCfg = Release|Win32
		{00000000-0000-0000-0000-000000006299}.Release|Win32.Build.0 = Release|Win32
	EndGlobalSection
	GlobalSection(SolutionProperties) = preSolution
		HideSolutionNode = FALSE
	EndGlobalSection
EndGlobal
