Microsoft Visual Studio Solution File, Format Version 8.00
Project("{8BC9CEB8-8B4A-11D0-8D11-00A0C91BC942}") = "subdivision", "subdivision.vcproj", "{E3B81A91-6911-4473-B679-3E5F8FDD2625}"
	ProjectSection(ProjectDependencies) = postProject
	EndProjectSection
EndProject
Global
	GlobalSection(SolutionConfiguration) = preSolution
		Debug = Debug
		Release = Release
	EndGlobalSection
	GlobalSection(ProjectConfiguration) = postSolution
		{E3B81A91-6911-4473-B679-3E5F8FDD2625}.Debug.ActiveCfg = Debug|Win32
		{E3B81A91-6911-4473-B679-3E5F8FDD2625}.Debug.Build.0 = Debug|Win32
		{E3B81A91-6911-4473-B679-3E5F8FDD2625}.Release.ActiveCfg = Release|Win32
		{E3B81A91-6911-4473-B679-3E5F8FDD2625}.Release.Build.0 = Release|Win32
	EndGlobalSection
	GlobalSection(ExtensibilityGlobals) = postSolution
	EndGlobalSection
	GlobalSection(ExtensibilityAddIns) = postSolution
	EndGlobalSection
EndGlobal
