Microsoft Visual Studio Solution File, Format Version 9.00
# Visual Studio 2005
Project("{8BC9CEB8-8B4A-11D0-8D11-00A0C91BC942}") = "poisson_reconstruction", "VC\poisson_reconstruction_vc80.vcproj", "{E2A5087B-4619-4EDD-A6BA-5655F62BA4FE}"
EndProject
Project("{8BC9CEB8-8B4A-11D0-8D11-00A0C91BC942}") = "normal_estimation", "VC\normal_estimation_vc80.vcproj", "{264B1CCF-DDA3-49F8-B132-B8B6E3703689}"
EndProject
Project("{8BC9CEB8-8B4A-11D0-8D11-00A0C91BC942}") = "APSS_reconstruction", "VC\APSS_reconstruction_vc80.vcproj", "{87C5AB4F-0345-4B41-89DB-F743EC4339D7}"
EndProject
Project("{8BC9CEB8-8B4A-11D0-8D11-00A0C91BC942}") = "average_spacing_example", "VC\average_spacing_example_vc80.vcproj", "{DA6B26B8-351F-44CE-9EA2-F9B7E4DB0DEA}"
EndProject
Project("{8BC9CEB8-8B4A-11D0-8D11-00A0C91BC942}") = "jet_smoothing_example", "VC\jet_smoothing_example_vc80.vcproj", "{6C70391B-31F3-4935-A226-F9D2CAED84EA}"
EndProject
Project("{8BC9CEB8-8B4A-11D0-8D11-00A0C91BC942}") = "outlier_removal_example", "VC\outlier_removal_example_vc80.vcproj", "{9F02CC3E-2729-4EF1-9216-22C3A549D2F1}"
EndProject
Project("{8BC9CEB8-8B4A-11D0-8D11-00A0C91BC942}") = "pca_normal_estimation_example", "VC\pca_normal_estimation_example_vc80.vcproj", "{5618A7A5-7CB7-4E85-9FF4-7CB87BE6A215}"
EndProject
Project("{8BC9CEB8-8B4A-11D0-8D11-00A0C91BC942}") = "poisson_reconstruction_example", "VC\poisson_reconstruction_example_vc80.vcproj", "{9770195A-D7CF-4AFA-8B24-A455096BC437}"
EndProject
Project("{8BC9CEB8-8B4A-11D0-8D11-00A0C91BC942}") = "random_simplification_example", "VC\random_simplification_example_vc80.vcproj", "{57ADE5FF-B269-411B-AB16-1C884B195FEB}"
EndProject
Project("{8BC9CEB8-8B4A-11D0-8D11-00A0C91BC942}") = "surface_reconstruction_read_write_xyz_example", "VC\surface_reconstruction_read_write_xyz_example_vc80.vcproj", "{22610100-1B3A-41A7-A0BB-4966654ADFDC}"
EndProject
Global
	GlobalSection(SolutionConfigurationPlatforms) = preSolution
		Debug|Win32 = Debug|Win32
		Debug|x64 = Debug|x64
		Release|Win32 = Release|Win32
		Release|x64 = Release|x64
	EndGlobalSection
	GlobalSection(ProjectConfigurationPlatforms) = postSolution
		{E2A5087B-4619-4EDD-A6BA-5655F62BA4FE}.Debug|Win32.ActiveCfg = Debug|Win32
		{E2A5087B-4619-4EDD-A6BA-5655F62BA4FE}.Debug|Win32.Build.0 = Debug|Win32
		{E2A5087B-4619-4EDD-A6BA-5655F62BA4FE}.Debug|x64.ActiveCfg = Debug|x64
		{E2A5087B-4619-4EDD-A6BA-5655F62BA4FE}.Debug|x64.Build.0 = Debug|x64
		{E2A5087B-4619-4EDD-A6BA-5655F62BA4FE}.Release|Win32.ActiveCfg = Release|Win32
		{E2A5087B-4619-4EDD-A6BA-5655F62BA4FE}.Release|Win32.Build.0 = Release|Win32
		{E2A5087B-4619-4EDD-A6BA-5655F62BA4FE}.Release|x64.ActiveCfg = Release|x64
		{E2A5087B-4619-4EDD-A6BA-5655F62BA4FE}.Release|x64.Build.0 = Release|x64
		{264B1CCF-DDA3-49F8-B132-B8B6E3703689}.Debug|Win32.ActiveCfg = Debug|Win32
		{264B1CCF-DDA3-49F8-B132-B8B6E3703689}.Debug|Win32.Build.0 = Debug|Win32
		{264B1CCF-DDA3-49F8-B132-B8B6E3703689}.Debug|x64.ActiveCfg = Debug|x64
		{264B1CCF-DDA3-49F8-B132-B8B6E3703689}.Debug|x64.Build.0 = Debug|x64
		{264B1CCF-DDA3-49F8-B132-B8B6E3703689}.Release|Win32.ActiveCfg = Release|Win32
		{264B1CCF-DDA3-49F8-B132-B8B6E3703689}.Release|Win32.Build.0 = Release|Win32
		{264B1CCF-DDA3-49F8-B132-B8B6E3703689}.Release|x64.ActiveCfg = Release|x64
		{264B1CCF-DDA3-49F8-B132-B8B6E3703689}.Release|x64.Build.0 = Release|x64
		{87C5AB4F-0345-4B41-89DB-F743EC4339D7}.Debug|Win32.ActiveCfg = Debug|Win32
		{87C5AB4F-0345-4B41-89DB-F743EC4339D7}.Debug|Win32.Build.0 = Debug|Win32
		{87C5AB4F-0345-4B41-89DB-F743EC4339D7}.Debug|x64.ActiveCfg = Debug|x64
		{87C5AB4F-0345-4B41-89DB-F743EC4339D7}.Debug|x64.Build.0 = Debug|x64
		{87C5AB4F-0345-4B41-89DB-F743EC4339D7}.Release|Win32.ActiveCfg = Release|Win32
		{87C5AB4F-0345-4B41-89DB-F743EC4339D7}.Release|Win32.Build.0 = Release|Win32
		{87C5AB4F-0345-4B41-89DB-F743EC4339D7}.Release|x64.ActiveCfg = Release|x64
		{87C5AB4F-0345-4B41-89DB-F743EC4339D7}.Release|x64.Build.0 = Release|x64
		{DA6B26B8-351F-44CE-9EA2-F9B7E4DB0DEA}.Debug|Win32.ActiveCfg = Debug|Win32
		{DA6B26B8-351F-44CE-9EA2-F9B7E4DB0DEA}.Debug|Win32.Build.0 = Debug|Win32
		{DA6B26B8-351F-44CE-9EA2-F9B7E4DB0DEA}.Debug|x64.ActiveCfg = Debug|x64
		{DA6B26B8-351F-44CE-9EA2-F9B7E4DB0DEA}.Debug|x64.Build.0 = Debug|x64
		{DA6B26B8-351F-44CE-9EA2-F9B7E4DB0DEA}.Release|Win32.ActiveCfg = Release|Win32
		{DA6B26B8-351F-44CE-9EA2-F9B7E4DB0DEA}.Release|Win32.Build.0 = Release|Win32
		{DA6B26B8-351F-44CE-9EA2-F9B7E4DB0DEA}.Release|x64.ActiveCfg = Release|x64
		{DA6B26B8-351F-44CE-9EA2-F9B7E4DB0DEA}.Release|x64.Build.0 = Release|x64
		{6C70391B-31F3-4935-A226-F9D2CAED84EA}.Debug|Win32.ActiveCfg = Debug|Win32
		{6C70391B-31F3-4935-A226-F9D2CAED84EA}.Debug|Win32.Build.0 = Debug|Win32
		{6C70391B-31F3-4935-A226-F9D2CAED84EA}.Debug|x64.ActiveCfg = Debug|x64
		{6C70391B-31F3-4935-A226-F9D2CAED84EA}.Debug|x64.Build.0 = Debug|x64
		{6C70391B-31F3-4935-A226-F9D2CAED84EA}.Release|Win32.ActiveCfg = Release|Win32
		{6C70391B-31F3-4935-A226-F9D2CAED84EA}.Release|Win32.Build.0 = Release|Win32
		{6C70391B-31F3-4935-A226-F9D2CAED84EA}.Release|x64.ActiveCfg = Release|x64
		{6C70391B-31F3-4935-A226-F9D2CAED84EA}.Release|x64.Build.0 = Release|x64
		{9F02CC3E-2729-4EF1-9216-22C3A549D2F1}.Debug|Win32.ActiveCfg = Debug|Win32
		{9F02CC3E-2729-4EF1-9216-22C3A549D2F1}.Debug|Win32.Build.0 = Debug|Win32
		{9F02CC3E-2729-4EF1-9216-22C3A549D2F1}.Debug|x64.ActiveCfg = Debug|x64
		{9F02CC3E-2729-4EF1-9216-22C3A549D2F1}.Debug|x64.Build.0 = Debug|x64
		{9F02CC3E-2729-4EF1-9216-22C3A549D2F1}.Release|Win32.ActiveCfg = Release|Win32
		{9F02CC3E-2729-4EF1-9216-22C3A549D2F1}.Release|Win32.Build.0 = Release|Win32
		{9F02CC3E-2729-4EF1-9216-22C3A549D2F1}.Release|x64.ActiveCfg = Release|x64
		{9F02CC3E-2729-4EF1-9216-22C3A549D2F1}.Release|x64.Build.0 = Release|x64
		{5618A7A5-7CB7-4E85-9FF4-7CB87BE6A215}.Debug|Win32.ActiveCfg = Debug|Win32
		{5618A7A5-7CB7-4E85-9FF4-7CB87BE6A215}.Debug|Win32.Build.0 = Debug|Win32
		{5618A7A5-7CB7-4E85-9FF4-7CB87BE6A215}.Debug|x64.ActiveCfg = Debug|x64
		{5618A7A5-7CB7-4E85-9FF4-7CB87BE6A215}.Debug|x64.Build.0 = Debug|x64
		{5618A7A5-7CB7-4E85-9FF4-7CB87BE6A215}.Release|Win32.ActiveCfg = Release|Win32
		{5618A7A5-7CB7-4E85-9FF4-7CB87BE6A215}.Release|Win32.Build.0 = Release|Win32
		{5618A7A5-7CB7-4E85-9FF4-7CB87BE6A215}.Release|x64.ActiveCfg = Release|x64
		{5618A7A5-7CB7-4E85-9FF4-7CB87BE6A215}.Release|x64.Build.0 = Release|x64
		{9770195A-D7CF-4AFA-8B24-A455096BC437}.Debug|Win32.ActiveCfg = Debug|Win32
		{9770195A-D7CF-4AFA-8B24-A455096BC437}.Debug|Win32.Build.0 = Debug|Win32
		{9770195A-D7CF-4AFA-8B24-A455096BC437}.Debug|x64.ActiveCfg = Debug|x64
		{9770195A-D7CF-4AFA-8B24-A455096BC437}.Debug|x64.Build.0 = Debug|x64
		{9770195A-D7CF-4AFA-8B24-A455096BC437}.Release|Win32.ActiveCfg = Release|Win32
		{9770195A-D7CF-4AFA-8B24-A455096BC437}.Release|Win32.Build.0 = Release|Win32
		{9770195A-D7CF-4AFA-8B24-A455096BC437}.Release|x64.ActiveCfg = Release|x64
		{9770195A-D7CF-4AFA-8B24-A455096BC437}.Release|x64.Build.0 = Release|x64
		{57ADE5FF-B269-411B-AB16-1C884B195FEB}.Debug|Win32.ActiveCfg = Debug|Win32
		{57ADE5FF-B269-411B-AB16-1C884B195FEB}.Debug|Win32.Build.0 = Debug|Win32
		{57ADE5FF-B269-411B-AB16-1C884B195FEB}.Debug|x64.ActiveCfg = Debug|x64
		{57ADE5FF-B269-411B-AB16-1C884B195FEB}.Debug|x64.Build.0 = Debug|x64
		{57ADE5FF-B269-411B-AB16-1C884B195FEB}.Release|Win32.ActiveCfg = Release|Win32
		{57ADE5FF-B269-411B-AB16-1C884B195FEB}.Release|Win32.Build.0 = Release|Win32
		{57ADE5FF-B269-411B-AB16-1C884B195FEB}.Release|x64.ActiveCfg = Release|x64
		{57ADE5FF-B269-411B-AB16-1C884B195FEB}.Release|x64.Build.0 = Release|x64
		{22610100-1B3A-41A7-A0BB-4966654ADFDC}.Debug|Win32.ActiveCfg = Debug|Win32
		{22610100-1B3A-41A7-A0BB-4966654ADFDC}.Debug|Win32.Build.0 = Debug|Win32
		{22610100-1B3A-41A7-A0BB-4966654ADFDC}.Debug|x64.ActiveCfg = Debug|x64
		{22610100-1B3A-41A7-A0BB-4966654ADFDC}.Debug|x64.Build.0 = Debug|x64
		{22610100-1B3A-41A7-A0BB-4966654ADFDC}.Release|Win32.ActiveCfg = Release|Win32
		{22610100-1B3A-41A7-A0BB-4966654ADFDC}.Release|Win32.Build.0 = Release|Win32
		{22610100-1B3A-41A7-A0BB-4966654ADFDC}.Release|x64.ActiveCfg = Release|x64
		{22610100-1B3A-41A7-A0BB-4966654ADFDC}.Release|x64.Build.0 = Release|x64
	EndGlobalSection
	GlobalSection(SolutionProperties) = preSolution
		HideSolutionNode = FALSE
	EndGlobalSection
EndGlobal
