Microsoft Visual Studio Solution File, Format Version 8.00
Project("{8BC9CEB8-8B4A-11D0-8D11-00A0C91BC942}") = "Mesh_estimation", "VC\Mesh_estimation.vcproj", "{00000000-0000-0000-0000-000000029290}"
	ProjectSection(ProjectDependencies) = postProject
	EndProjectSection
EndProject
Project("{8BC9CEB8-8B4A-11D0-8D11-00A0C91BC942}") = "Single_estimation", "VC\Single_estimation.vcproj", "{00000000-0000-0000-0000-000000009242}"
	ProjectSection(ProjectDependencies) = postProject
	EndProjectSection
EndProject
Global
	GlobalSection(SolutionConfiguration) = preSolution
		Debug = Debug
		Release = Release
	EndGlobalSection
	GlobalSection(ProjectDependencies) = postSolution
	EndGlobalSection
	GlobalSection(ProjectConfiguration) = postSolution
		{00000000-0000-0000-0000-000000029290}.Debug.ActiveCfg = Debug|Win32
		{00000000-0000-0000-0000-000000029290}.Debug.Build.0 = Debug|Win32
		{00000000-0000-0000-0000-000000029290}.Release.ActiveCfg = Release|Win32
		{00000000-0000-0000-0000-000000029290}.Release.Build.0 = Release|Win32
		{00000000-0000-0000-0000-000000009242}.Debug.ActiveCfg = Debug|Win32
		{00000000-0000-0000-0000-000000009242}.Debug.Build.0 = Debug|Win32
		{00000000-0000-0000-0000-000000009242}.Release.ActiveCfg = Release|Win32
		{00000000-0000-0000-0000-000000009242}.Release.Build.0 = Release|Win32
	EndGlobalSection
	GlobalSection(ExtensibilityGlobals) = postSolution
	EndGlobalSection
	GlobalSection(ExtensibilityAddIns) = postSolution
	EndGlobalSection
EndGlobal
