Microsoft Visual Studio Solution File, Format Version 7.00
Project("{8BC9CEB8-8B4A-11D0-8D11-00A0C91BC942}") = "terrain_constrained", "terrain_constrained.vcproj", "{C9EC805D-A989-4E73-BDC0-2D5571F86066}"
EndProject
Global
	GlobalSection(SolutionConfiguration) = preSolution
		ConfigName.0 = Debug
		ConfigName.1 = Release
	EndGlobalSection
	GlobalSection(ProjectDependencies) = postSolution
	EndGlobalSection
	GlobalSection(ProjectConfiguration) = postSolution
		{C9EC805D-A989-4E73-BDC0-2D5571F86066}.Debug.ActiveCfg = Debug|Win32
		{C9EC805D-A989-4E73-BDC0-2D5571F86066}.Debug.Build.0 = Debug|Win32
		{C9EC805D-A989-4E73-BDC0-2D5571F86066}.Release.ActiveCfg = Release|Win32
		{C9EC805D-A989-4E73-BDC0-2D5571F86066}.Release.Build.0 = Release|Win32
	EndGlobalSection
	GlobalSection(ExtensibilityGlobals) = postSolution
	EndGlobalSection
	GlobalSection(ExtensibilityAddIns) = postSolution
	EndGlobalSection
EndGlobal
